{
  "lockfileVersion": 1,
  "configVersion": 1,
  "workspaces": {
    "": {
      "name": "no-as-service",
      "dependencies": {
        "@hono/node-server": "^1.12.0",
        "hono": "^4.6.0",
      },
    },
  },
  "packages": {
    "@hono/node-server": ["@hono/node-server@1.19.6", "", { "peerDependencies": { "hono": "^4" } }, "sha512-Shz/KjlIeAhfiuE93NDKVdZ7HdBVLQAfdbaXEaoAVO3ic9ibRSLGIQGkcBbFyuLr+7/1D5ZCINM8B+6IvXeMtw=="],

    "hono": ["hono@4.10.4", "", {}, "sha512-YG/fo7zlU3KwrBL5vDpWKisLYiM+nVstBQqfr7gCPbSYURnNEP9BDxEMz8KfsDR9JX0lJWDRNc6nXX31v7ZEyg=="],
  }
}
