{
  "name": "no-as-service",
  "version": "1.0.0",
  "lockfileVersion": 3,
  "requires": true,
  "packages": {
    "": {
      "name": "no-as-service",
      "version": "1.0.0",
      "license": "MIT",
      "dependencies": {
        "@hono/node-server": "^1.12.0",
        "hono": "^4.6.0"
      }
    },
    "node_modules/@hono/node-server": {
      "version": "1.19.6",
      "resolved": "https://registry.npmjs.org/@hono/node-server/-/node-server-1.19.6.tgz",
      "integrity": "sha512-Shz/KjlIeAhfiuE93NDKVdZ7HdBVLQAfdbaXEaoAVO3ic9ibRSLGIQGkcBbFyuLr+7/1D5ZCINM8B+6IvXeMtw==",
      "license": "MIT",
      "engines": {
        "node": ">=18.14.1"
      },
      "peerDependencies": {
        "hono": "^4"
      }
    },
    "node_modules/hono": {
      "version": "4.10.4",
      "resolved": "https://registry.npmjs.org/hono/-/hono-4.10.4.tgz",
      "integrity": "sha512-YG/fo7zlU3KwrBL5vDpWKisLYiM+nVstBQqfr7gCPbSYURnNEP9BDxEMz8KfsDR9JX0lJWDRNc6nXX31v7ZEyg==",
      "license": "MIT",
      "engines": {
        "node": ">=16.9.0"
      }
    }
  }
}
